{
  "name": "@jununfly/zj-loop-core",
  "version": "0.1.21",
  "lockfileVersion": 3,
  "requires": true,
  "packages": {
    "": {
      "name": "@jununfly/zj-loop-core",
      "version": "0.1.21",
      "license": "MIT",
      "dependencies": {
        "@jununfly/zj-loop-gitlab-infra": "^0.1.0",
        "cron-parser": "^5.6.2",
        "yaml": "^2.8.0",
        "zod": "^3.25 || ^4.0"
      },
      "bin": {
        "zj-loop-changelog-drafter": "dist/changelog-drafter-cli.js",
        "zj-loop-ci-sweeper": "dist/ci-sweeper-cli.js",
        "zj-loop-consumer": "dist/consumer-cli.js",
        "zj-loop-dependency-sweeper": "dist/dependency-sweeper-cli.js",
        "zj-loop-dispatch": "dist/dispatch-cli.js",
        "zj-loop-doctor": "dist/doctor-cli.js",
        "zj-loop-first-run": "dist/first-run-cli.js",
        "zj-loop-gitlab-issue-note-bridge": "dist/gitlab-issue-note-bridge-cli.js",
        "zj-loop-harness-protocol": "dist/harness-protocol-cli.js",
        "zj-loop-issue-backlog": "dist/issue-backlog-cli.js",
        "zj-loop-issue-triage-action": "dist/issue-triage-action-cli.js",
        "zj-loop-issue-triage-transition": "dist/issue-triage-transition-cli.js",
        "zj-loop-post-merge-closeout": "dist/post-merge-closeout-cli.js",
        "zj-loop-pr-steward": "dist/pr-steward-cli.js",
        "zj-loop-prd-handoff": "dist/prd-handoff-cli.js",
        "zj-loop-preflight": "dist/preflight-cli.js",
        "zj-loop-roadmap-activation": "dist/roadmap-activation-cli.js",
        "zj-loop-route": "dist/route-cli.js",
        "zj-loop-run": "dist/run-cli.js",
        "zj-loop-schedule-probe": "dist/schedule-probe-cli.js",
        "zj-loop-triage-roles": "dist/triage-role-cli.js",
        "zj-loop-workspace-closeout": "dist/workspace-closeout-cli.js"
      },
      "devDependencies": {
        "@types/node": "^20.0.0",
        "typescript": "^5.0.0"
      },
      "engines": {
        "node": ">=18"
      }
    },
    "node_modules/@jununfly/zj-loop-gitlab-infra": {
      "version": "0.1.0",
      "resolved": "https://registry.npmjs.org/@jununfly/zj-loop-gitlab-infra/-/zj-loop-gitlab-infra-0.1.0.tgz",
      "integrity": "sha512-RXuNpiET/FZvOhCE2dAAoiEwZRtMnrP5oBuE88cMHZCk/6/yz4kFnjW6WKcF17E/agLNK0f3mTdl8ljXsblcug==",
      "license": "MIT",
      "bin": {
        "zj-loop-gitlab-infra": "dist/cli.js"
      },
      "engines": {
        "node": ">=18"
      }
    },
    "node_modules/@types/node": {
      "version": "20.19.43",
      "resolved": "https://registry.npmjs.org/@types/node/-/node-20.19.43.tgz",
      "integrity": "sha512-6oYBAi5ikg4Pl+kGsoYtawUMBT2zZMCvPNF7pVLnHZfd1zf38DRiWn/gT01RYCdUqkv7Fhr+C9ot4/tb+2sVvA==",
      "dev": true,
      "license": "MIT",
      "dependencies": {
        "undici-types": "~6.21.0"
      }
    },
    "node_modules/cron-parser": {
      "version": "5.6.2",
      "resolved": "https://registry.npmmirror.com/cron-parser/-/cron-parser-5.6.2.tgz",
      "integrity": "sha512-yJ/G1LVir6CnlkLI40CsampPLKl1SprGGlUagWtGJxewytRVYezv5xVyzzbT+Pvzx+VIRvZVF7/a0eEMTxdnTA==",
      "license": "MIT",
      "dependencies": {
        "luxon": "^3.7.2"
      },
      "engines": {
        "node": ">=18"
      }
    },
    "node_modules/luxon": {
      "version": "3.7.2",
      "resolved": "https://registry.npmmirror.com/luxon/-/luxon-3.7.2.tgz",
      "integrity": "sha512-vtEhXh/gNjI9Yg1u4jX/0YVPMvxzHuGgCm6tC5kZyb08yjGWGnqAjGJvcXbqQR2P3MyMEFnRbpcdFS6PBcLqew==",
      "license": "MIT",
      "engines": {
        "node": ">=12"
      }
    },
    "node_modules/typescript": {
      "version": "5.9.3",
      "resolved": "https://registry.npmjs.org/typescript/-/typescript-5.9.3.tgz",
      "integrity": "sha512-jl1vZzPDinLr9eUt3J/t7V6FgNEw9QjvBPdysz9KfQDD41fQrC2Y4vKQdiaUpFT4bXlb1RHhLpp8wtm6M5TgSw==",
      "dev": true,
      "license": "Apache-2.0",
      "bin": {
        "tsc": "bin/tsc",
        "tsserver": "bin/tsserver"
      },
      "engines": {
        "node": ">=14.17"
      }
    },
    "node_modules/undici-types": {
      "version": "6.21.0",
      "resolved": "https://registry.npmjs.org/undici-types/-/undici-types-6.21.0.tgz",
      "integrity": "sha512-iwDZqg0QAGrg9Rav5H4n0M64c3mkR59cJ6wQp+7C4nI0gsmExaedaYLNO44eT4AtBBwjbTiGPMlt2Md0T9H9JQ==",
      "dev": true,
      "license": "MIT"
    },
    "node_modules/yaml": {
      "version": "2.9.0",
      "resolved": "https://registry.npmjs.org/yaml/-/yaml-2.9.0.tgz",
      "integrity": "sha512-2AvhNX3mb8zd6Zy7INTtSpl1F15HW6Wnqj0srWlkKLcpYl/gMIMJiyuGq2KeI2YFxUPjdlB+3Lc10seMLtL4cA==",
      "license": "ISC",
      "bin": {
        "yaml": "bin.mjs"
      },
      "engines": {
        "node": ">= 14.6"
      },
      "funding": {
        "url": "https://github.com/sponsors/eemeli"
      }
    },
    "node_modules/zod": {
      "version": "4.4.3",
      "resolved": "https://registry.npmjs.org/zod/-/zod-4.4.3.tgz",
      "integrity": "sha512-ytENFjIJFl2UwYglde2jchW2Hwm4GJFLDiSXWdTrJQBIN9Fcyp7n4DhxJEiWNAJMV1/BqWfW/kkg71UDcHJyTQ==",
      "license": "MIT",
      "funding": {
        "url": "https://github.com/sponsors/colinhacks"
      }
    }
  }
}
